<Solution>
  <Configurations>
    <Platform Name="Win32" />
    <Platform Name="x64" />
    <Platform Name="x86" />
  </Configurations>
  <Project Path="IcoEditor/IcoEditor.vcxproj" Id="3b10b994-2936-49f5-8818-fc073f2ec1eb">
    <Platform Solution="*|Win32" Project="x64" />
    <Platform Solution="Release|x86" Project="x64" />
    <Build Solution="*|x86" Project="false" />
  </Project>
</Solution>
